
Microsoft Visual Studio Solution File, Format Version 10.00
# Visual Studio 2008
Project("{8BC9CEB8-8B4A-11D0-8D11-00A0C91BC942}") = "pjlib", "pjlib\build\pjlib.vcproj", "{DA0E03ED-53A7-4050-8A85-90541C5509F8}"
EndProject
Project("{8BC9CEB8-8B4A-11D0-8D11-00A0C91BC942}") = "pjlib_util", "pjlib-util\build\pjlib_util.vcproj", "{FE07F272-AE7F-4549-9E9F-EF9B80CB1693}"
	ProjectSection(ProjectDependencies) = postProject
		{DA0E03ED-53A7-4050-8A85-90541C5509F8} = {DA0E03ED-53A7-4050-8A85-90541C5509F8}
	EndProjectSection
EndProject
Project("{8BC9CEB8-8B4A-11D0-8D11-00A0C91BC942}") = "pjnath", "pjnath\build\pjnath.vcproj", "{A5D9AA24-08ED-48B9-BD65-F0A25E96BFC4}"
	ProjectSection(ProjectDependencies) = postProject
		{FE07F272-AE7F-4549-9E9F-EF9B80CB1693} = {FE07F272-AE7F-4549-9E9F-EF9B80CB1693}
		{DA0E03ED-53A7-4050-8A85-90541C5509F8} = {DA0E03ED-53A7-4050-8A85-90541C5509F8}
	EndProjectSection
EndProject
Project("{8BC9CEB8-8B4A-11D0-8D11-00A0C91BC942}") = "enet", "enet-1.2\enet.vcproj", "{4DD24C64-9ABE-4063-8594-C31BDE301ACC}"
EndProject
Project("{8BC9CEB8-8B4A-11D0-8D11-00A0C91BC942}") = "TURN-server", "pjnath\build\pjturn_srv.vcproj", "{AC7D27D6-ECCC-4294-8E70-C7D640BCD810}"
	ProjectSection(ProjectDependencies) = postProject
		{A5D9AA24-08ED-48B9-BD65-F0A25E96BFC4} = {A5D9AA24-08ED-48B9-BD65-F0A25E96BFC4}
		{FE07F272-AE7F-4549-9E9F-EF9B80CB1693} = {FE07F272-AE7F-4549-9E9F-EF9B80CB1693}
		{DA0E03ED-53A7-4050-8A85-90541C5509F8} = {DA0E03ED-53A7-4050-8A85-90541C5509F8}
	EndProjectSection
EndProject
Project("{8BC9CEB8-8B4A-11D0-8D11-00A0C91BC942}") = "sample-rendezvous-server", "sample-rendezvous-server\sample-rendezvous-server.vcproj", "{2F3DA76F-2B39-4C2A-B564-A2377C5479D7}"
	ProjectSection(ProjectDependencies) = postProject
		{44AD9946-B212-48BB-81E3-660F9F829C53} = {44AD9946-B212-48BB-81E3-660F9F829C53}
		{4DD24C64-9ABE-4063-8594-C31BDE301ACC} = {4DD24C64-9ABE-4063-8594-C31BDE301ACC}
		{011EC7DE-2357-4F5B-BA75-E6E1E46354AD} = {011EC7DE-2357-4F5B-BA75-E6E1E46354AD}
	EndProjectSection
EndProject
Project("{8BC9CEB8-8B4A-11D0-8D11-00A0C91BC942}") = "sample-p2p-client", "sample-p2p-client\sample-p2p-client.vcproj", "{934D44D8-54A1-4366-AADA-05B3E97AD6E1}"
	ProjectSection(ProjectDependencies) = postProject
		{A5D9AA24-08ED-48B9-BD65-F0A25E96BFC4} = {A5D9AA24-08ED-48B9-BD65-F0A25E96BFC4}
		{4DD24C64-9ABE-4063-8594-C31BDE301ACC} = {4DD24C64-9ABE-4063-8594-C31BDE301ACC}
		{FE07F272-AE7F-4549-9E9F-EF9B80CB1693} = {FE07F272-AE7F-4549-9E9F-EF9B80CB1693}
		{E4C724D5-2C41-4F0E-A7C2-3317475C9F7A} = {E4C724D5-2C41-4F0E-A7C2-3317475C9F7A}
		{011EC7DE-2357-4F5B-BA75-E6E1E46354AD} = {011EC7DE-2357-4F5B-BA75-E6E1E46354AD}
		{DA0E03ED-53A7-4050-8A85-90541C5509F8} = {DA0E03ED-53A7-4050-8A85-90541C5509F8}
	EndProjectSection
EndProject
Project("{8BC9CEB8-8B4A-11D0-8D11-00A0C91BC942}") = "p2pnt", "p2pnt\p2pnt.vcproj", "{E4C724D5-2C41-4F0E-A7C2-3317475C9F7A}"
EndProject
Project("{8BC9CEB8-8B4A-11D0-8D11-00A0C91BC942}") = "rendezvous", "rendezvous\rendezvous.vcproj", "{44AD9946-B212-48BB-81E3-660F9F829C53}"
EndProject
Project("{8BC9CEB8-8B4A-11D0-8D11-00A0C91BC942}") = "rdvmsg", "rdvmsg\rdvmsg.vcproj", "{011EC7DE-2357-4F5B-BA75-E6E1E46354AD}"
EndProject
Global
	GlobalSection(SolutionConfigurationPlatforms) = preSolution
		Debug|Win32 = Debug|Win32
		Release|Win32 = Release|Win32
	EndGlobalSection
	GlobalSection(ProjectConfigurationPlatforms) = postSolution
		{DA0E03ED-53A7-4050-8A85-90541C5509F8}.Debug|Win32.ActiveCfg = Debug|Win32
		{DA0E03ED-53A7-4050-8A85-90541C5509F8}.Debug|Win32.Build.0 = Debug|Win32
		{DA0E03ED-53A7-4050-8A85-90541C5509F8}.Release|Win32.ActiveCfg = Release|Win32
		{DA0E03ED-53A7-4050-8A85-90541C5509F8}.Release|Win32.Build.0 = Release|Win32
		{FE07F272-AE7F-4549-9E9F-EF9B80CB1693}.Debug|Win32.ActiveCfg = Debug|Win32
		{FE07F272-AE7F-4549-9E9F-EF9B80CB1693}.Debug|Win32.Build.0 = Debug|Win32
		{FE07F272-AE7F-4549-9E9F-EF9B80CB1693}.Release|Win32.ActiveCfg = Release|Win32
		{FE07F272-AE7F-4549-9E9F-EF9B80CB1693}.Release|Win32.Build.0 = Release|Win32
		{A5D9AA24-08ED-48B9-BD65-F0A25E96BFC4}.Debug|Win32.ActiveCfg = Debug|Win32
		{A5D9AA24-08ED-48B9-BD65-F0A25E96BFC4}.Debug|Win32.Build.0 = Debug|Win32
		{A5D9AA24-08ED-48B9-BD65-F0A25E96BFC4}.Release|Win32.ActiveCfg = Release|Win32
		{A5D9AA24-08ED-48B9-BD65-F0A25E96BFC4}.Release|Win32.Build.0 = Release|Win32
		{4DD24C64-9ABE-4063-8594-C31BDE301ACC}.Debug|Win32.ActiveCfg = Debug|Win32
		{4DD24C64-9ABE-4063-8594-C31BDE301ACC}.Debug|Win32.Build.0 = Debug|Win32
		{4DD24C64-9ABE-4063-8594-C31BDE301ACC}.Release|Win32.ActiveCfg = Release|Win32
		{4DD24C64-9ABE-4063-8594-C31BDE301ACC}.Release|Win32.Build.0 = Release|Win32
		{AC7D27D6-ECCC-4294-8E70-C7D640BCD810}.Debug|Win32.ActiveCfg = Debug|Win32
		{AC7D27D6-ECCC-4294-8E70-C7D640BCD810}.Debug|Win32.Build.0 = Debug|Win32
		{AC7D27D6-ECCC-4294-8E70-C7D640BCD810}.Release|Win32.ActiveCfg = Release|Win32
		{AC7D27D6-ECCC-4294-8E70-C7D640BCD810}.Release|Win32.Build.0 = Release|Win32
		{2F3DA76F-2B39-4C2A-B564-A2377C5479D7}.Debug|Win32.ActiveCfg = Debug|Win32
		{2F3DA76F-2B39-4C2A-B564-A2377C5479D7}.Debug|Win32.Build.0 = Debug|Win32
		{2F3DA76F-2B39-4C2A-B564-A2377C5479D7}.Release|Win32.ActiveCfg = Release|Win32
		{2F3DA76F-2B39-4C2A-B564-A2377C5479D7}.Release|Win32.Build.0 = Release|Win32
		{934D44D8-54A1-4366-AADA-05B3E97AD6E1}.Debug|Win32.ActiveCfg = Debug|Win32
		{934D44D8-54A1-4366-AADA-05B3E97AD6E1}.Debug|Win32.Build.0 = Debug|Win32
		{934D44D8-54A1-4366-AADA-05B3E97AD6E1}.Release|Win32.ActiveCfg = Release|Win32
		{934D44D8-54A1-4366-AADA-05B3E97AD6E1}.Release|Win32.Build.0 = Release|Win32
		{E4C724D5-2C41-4F0E-A7C2-3317475C9F7A}.Debug|Win32.ActiveCfg = Debug|Win32
		{E4C724D5-2C41-4F0E-A7C2-3317475C9F7A}.Debug|Win32.Build.0 = Debug|Win32
		{E4C724D5-2C41-4F0E-A7C2-3317475C9F7A}.Release|Win32.ActiveCfg = Release|Win32
		{E4C724D5-2C41-4F0E-A7C2-3317475C9F7A}.Release|Win32.Build.0 = Release|Win32
		{44AD9946-B212-48BB-81E3-660F9F829C53}.Debug|Win32.ActiveCfg = Debug|Win32
		{44AD9946-B212-48BB-81E3-660F9F829C53}.Debug|Win32.Build.0 = Debug|Win32
		{44AD9946-B212-48BB-81E3-660F9F829C53}.Release|Win32.ActiveCfg = Release|Win32
		{44AD9946-B212-48BB-81E3-660F9F829C53}.Release|Win32.Build.0 = Release|Win32
		{011EC7DE-2357-4F5B-BA75-E6E1E46354AD}.Debug|Win32.ActiveCfg = Debug|Win32
		{011EC7DE-2357-4F5B-BA75-E6E1E46354AD}.Debug|Win32.Build.0 = Debug|Win32
		{011EC7DE-2357-4F5B-BA75-E6E1E46354AD}.Release|Win32.ActiveCfg = Release|Win32
		{011EC7DE-2357-4F5B-BA75-E6E1E46354AD}.Release|Win32.Build.0 = Release|Win32
	EndGlobalSection
	GlobalSection(SolutionProperties) = preSolution
		HideSolutionNode = FALSE
	EndGlobalSection
EndGlobal
